
Microsoft Visual Studio Solution File, Format Version 12.00
# Visual Studio Version 17
VisualStudioVersion = 17.0.31903.59
MinimumVisualStudioVersion = 10.0.40219.1
Project("{FAE04EC0-301F-11D3-BF4B-00C04F79EFBC}") = "calculadoraTestes", "calculadoraTestes\calculadoraTestes.csproj", "{FE5A0AC4-FCB4-41A8-BBCD-000991B43C0B}"
EndProject
Project("{FAE04EC0-301F-11D3-BF4B-00C04F79EFBC}") = "calculadora", "calculadora\calculadora.csproj", "{05758FB5-DBE9-40D4-B6DF-261839F3CEAC}"
EndProject
Global
	GlobalSection(SolutionConfigurationPlatforms) = preSolution
		Debug|Any CPU = Debug|Any CPU
		Release|Any CPU = Release|Any CPU
	EndGlobalSection
	GlobalSection(SolutionProperties) = preSolution
		HideSolutionNode = FALSE
	EndGlobalSection
	GlobalSection(ProjectConfigurationPlatforms) = postSolution
		{FE5A0AC4-FCB4-41A8-BBCD-000991B43C0B}.Debug|Any CPU.ActiveCfg = Debug|Any CPU
		{FE5A0AC4-FCB4-41A8-BBCD-000991B43C0B}.Debug|Any CPU.Build.0 = Debug|Any CPU
		{FE5A0AC4-FCB4-41A8-BBCD-000991B43C0B}.Release|Any CPU.ActiveCfg = Release|Any CPU
		{FE5A0AC4-FCB4-41A8-BBCD-000991B43C0B}.Release|Any CPU.Build.0 = Release|Any CPU
		{05758FB5-DBE9-40D4-B6DF-261839F3CEAC}.Debug|Any CPU.ActiveCfg = Debug|Any CPU
		{05758FB5-DBE9-40D4-B6DF-261839F3CEAC}.Debug|Any CPU.Build.0 = Debug|Any CPU
		{05758FB5-DBE9-40D4-B6DF-261839F3CEAC}.Release|Any CPU.ActiveCfg = Release|Any CPU
		{05758FB5-DBE9-40D4-B6DF-261839F3CEAC}.Release|Any CPU.Build.0 = Release|Any CPU
	EndGlobalSection
EndGlobal
